
Microsoft Visual Studio Solution File, Format Version 12.00
# Visual Studio Version 16
VisualStudioVersion = 16.0.32510.428
MinimumVisualStudioVersion = 10.0.40219.1
Project("{9A19103F-16F7-4668-BE54-9A1E7A4F7556}") = "ComReadWrite", "ComReadWrite\ComReadWrite.csproj", "{192588C0-B3ED-4A9D-B97F-8EA5A169A8B0}"
EndProject
Global
	GlobalSection(SolutionConfigurationPlatforms) = preSolution
		Debug|Any CPU = Debug|Any CPU
		Release|Any CPU = Release|Any CPU
	EndGlobalSection
	GlobalSection(ProjectConfigurationPlatforms) = postSolution
		{192588C0-B3ED-4A9D-B97F-8EA5A169A8B0}.Debug|Any CPU.ActiveCfg = Debug|Any CPU
		{192588C0-B3ED-4A9D-B97F-8EA5A169A8B0}.Debug|Any CPU.Build.0 = Debug|Any CPU
		{192588C0-B3ED-4A9D-B97F-8EA5A169A8B0}.Release|Any CPU.ActiveCfg = Release|Any CPU
		{192588C0-B3ED-4A9D-B97F-8EA5A169A8B0}.Release|Any CPU.Build.0 = Release|Any CPU
	EndGlobalSection
	GlobalSection(SolutionProperties) = preSolution
		HideSolutionNode = FALSE
	EndGlobalSection
	GlobalSection(ExtensibilityGlobals) = postSolution
		SolutionGuid = {76107FA7-D639-4590-AC90-C7953D16FBF7}
	EndGlobalSection
EndGlobal
